
Microsoft Visual Studio Solution File, Format Version 12.00
# Visual Studio Version 16
VisualStudioVersion = 16.0.29519.87
MinimumVisualStudioVersion = 10.0.40219.1
Project("{2150E333-8FDC-42A3-9474-1A3956D46DE8}") = "Simples", "Simples", "{661A30ED-ADC1-4FD1-A1C5-EFC1011CE28A}"
EndProject
Project("{2150E333-8FDC-42A3-9474-1A3956D46DE8}") = "创建型模式", "创建型模式", "{3E9B3121-8B4B-450E-8DCF-E5E1C1E9F010}"
EndProject
Project("{2150E333-8FDC-42A3-9474-1A3956D46DE8}") = "行为型模式", "行为型模式", "{7C719AB6-715E-4EDC-B0B4-ADD444891972}"
EndProject
Project("{2150E333-8FDC-42A3-9474-1A3956D46DE8}") = "结构型模式", "结构型模式", "{76F4F11D-5926-4426-A701-A5E612CA8A88}"
EndProject
Project("{2150E333-8FDC-42A3-9474-1A3956D46DE8}") = "Solution Items", "Solution Items", "{FFCD70A8-7EE4-4F9A-AACF-302929DECC4F}"
	ProjectSection(SolutionItems) = preProject
		README.md = README.md
	EndProjectSection
EndProject
Project("{9A19103F-16F7-4668-BE54-9A1E7A4F7556}") = "FactoryMethod", "src\FactoryMethod\FactoryMethod.csproj", "{F1FEC13A-2BD1-45DC-8AD2-0D175DD69D7B}"
EndProject
Project("{9A19103F-16F7-4668-BE54-9A1E7A4F7556}") = "Singleton", "src\Singleton\Singleton.csproj", "{CBAAF81C-31D8-43C4-9FA9-6DF3789E59C4}"
EndProject
Project("{9A19103F-16F7-4668-BE54-9A1E7A4F7556}") = "AbstractFactoryMethod", "src\AbstractFactoryMethod\AbstractFactoryMethod.csproj", "{274CA32B-89FA-4F95-A594-89DC5FEBC9F9}"
EndProject
Project("{9A19103F-16F7-4668-BE54-9A1E7A4F7556}") = "Builder", "src\Builder\Builder.csproj", "{DA1644A4-C4DF-4B5A-891A-2ABFF76A75A8}"
EndProject
Project("{9A19103F-16F7-4668-BE54-9A1E7A4F7556}") = "Prototype", "src\Prototype\Prototype.csproj", "{334A66CB-D023-4D6A-883F-6E56AF99D5D9}"
EndProject
Project("{9A19103F-16F7-4668-BE54-9A1E7A4F7556}") = "Bridge", "src\Bridge\Bridge.csproj", "{27ACD462-D032-4AB8-9765-2441F1E84124}"
EndProject
Project("{9A19103F-16F7-4668-BE54-9A1E7A4F7556}") = "Adapter", "src\Adapter\Adapter.csproj", "{CDAFB360-10EB-4A5D-A796-FE8834975F73}"
EndProject
Project("{FAE04EC0-301F-11D3-BF4B-00C04F79EFBC}") = "Decorator", "src\Decorator\Decorator.csproj", "{16B8047B-7B20-418F-8D33-0A846F214079}"
EndProject
Project("{FAE04EC0-301F-11D3-BF4B-00C04F79EFBC}") = "Composite", "src\Composite\Composite.csproj", "{529EF6D8-28C1-404E-8BF2-77DA01BE1D86}"
EndProject
Global
	GlobalSection(SolutionConfigurationPlatforms) = preSolution
		Debug|Any CPU = Debug|Any CPU
		Release|Any CPU = Release|Any CPU
	EndGlobalSection
	GlobalSection(ProjectConfigurationPlatforms) = postSolution
		{F1FEC13A-2BD1-45DC-8AD2-0D175DD69D7B}.Debug|Any CPU.ActiveCfg = Debug|Any CPU
		{F1FEC13A-2BD1-45DC-8AD2-0D175DD69D7B}.Debug|Any CPU.Build.0 = Debug|Any CPU
		{F1FEC13A-2BD1-45DC-8AD2-0D175DD69D7B}.Release|Any CPU.ActiveCfg = Release|Any CPU
		{F1FEC13A-2BD1-45DC-8AD2-0D175DD69D7B}.Release|Any CPU.Build.0 = Release|Any CPU
		{CBAAF81C-31D8-43C4-9FA9-6DF3789E59C4}.Debug|Any CPU.ActiveCfg = Debug|Any CPU
		{CBAAF81C-31D8-43C4-9FA9-6DF3789E59C4}.Debug|Any CPU.Build.0 = Debug|Any CPU
		{CBAAF81C-31D8-43C4-9FA9-6DF3789E59C4}.Release|Any CPU.ActiveCfg = Release|Any CPU
		{CBAAF81C-31D8-43C4-9FA9-6DF3789E59C4}.Release|Any CPU.Build.0 = Release|Any CPU
		{274CA32B-89FA-4F95-A594-89DC5FEBC9F9}.Debug|Any CPU.ActiveCfg = Debug|Any CPU
		{274CA32B-89FA-4F95-A594-89DC5FEBC9F9}.Debug|Any CPU.Build.0 = Debug|Any CPU
		{274CA32B-89FA-4F95-A594-89DC5FEBC9F9}.Release|Any CPU.ActiveCfg = Release|Any CPU
		{274CA32B-89FA-4F95-A594-89DC5FEBC9F9}.Release|Any CPU.Build.0 = Release|Any CPU
		{DA1644A4-C4DF-4B5A-891A-2ABFF76A75A8}.Debug|Any CPU.ActiveCfg = Debug|Any CPU
		{DA1644A4-C4DF-4B5A-891A-2ABFF76A75A8}.Debug|Any CPU.Build.0 = Debug|Any CPU
		{DA1644A4-C4DF-4B5A-891A-2ABFF76A75A8}.Release|Any CPU.ActiveCfg = Release|Any CPU
		{DA1644A4-C4DF-4B5A-891A-2ABFF76A75A8}.Release|Any CPU.Build.0 = Release|Any CPU
		{334A66CB-D023-4D6A-883F-6E56AF99D5D9}.Debug|Any CPU.ActiveCfg = Debug|Any CPU
		{334A66CB-D023-4D6A-883F-6E56AF99D5D9}.Debug|Any CPU.Build.0 = Debug|Any CPU
		{334A66CB-D023-4D6A-883F-6E56AF99D5D9}.Release|Any CPU.ActiveCfg = Release|Any CPU
		{334A66CB-D023-4D6A-883F-6E56AF99D5D9}.Release|Any CPU.Build.0 = Release|Any CPU
		{27ACD462-D032-4AB8-9765-2441F1E84124}.Debug|Any CPU.ActiveCfg = Debug|Any CPU
		{27ACD462-D032-4AB8-9765-2441F1E84124}.Debug|Any CPU.Build.0 = Debug|Any CPU
		{27ACD462-D032-4AB8-9765-2441F1E84124}.Release|Any CPU.ActiveCfg = Release|Any CPU
		{27ACD462-D032-4AB8-9765-2441F1E84124}.Release|Any CPU.Build.0 = Release|Any CPU
		{CDAFB360-10EB-4A5D-A796-FE8834975F73}.Debug|Any CPU.ActiveCfg = Debug|Any CPU
		{CDAFB360-10EB-4A5D-A796-FE8834975F73}.Debug|Any CPU.Build.0 = Debug|Any CPU
		{CDAFB360-10EB-4A5D-A796-FE8834975F73}.Release|Any CPU.ActiveCfg = Release|Any CPU
		{CDAFB360-10EB-4A5D-A796-FE8834975F73}.Release|Any CPU.Build.0 = Release|Any CPU
		{16B8047B-7B20-418F-8D33-0A846F214079}.Debug|Any CPU.ActiveCfg = Debug|Any CPU
		{16B8047B-7B20-418F-8D33-0A846F214079}.Debug|Any CPU.Build.0 = Debug|Any CPU
		{16B8047B-7B20-418F-8D33-0A846F214079}.Release|Any CPU.ActiveCfg = Release|Any CPU
		{16B8047B-7B20-418F-8D33-0A846F214079}.Release|Any CPU.Build.0 = Release|Any CPU
		{529EF6D8-28C1-404E-8BF2-77DA01BE1D86}.Debug|Any CPU.ActiveCfg = Debug|Any CPU
		{529EF6D8-28C1-404E-8BF2-77DA01BE1D86}.Debug|Any CPU.Build.0 = Debug|Any CPU
		{529EF6D8-28C1-404E-8BF2-77DA01BE1D86}.Release|Any CPU.ActiveCfg = Release|Any CPU
		{529EF6D8-28C1-404E-8BF2-77DA01BE1D86}.Release|Any CPU.Build.0 = Release|Any CPU
	EndGlobalSection
	GlobalSection(SolutionProperties) = preSolution
		HideSolutionNode = FALSE
	EndGlobalSection
	GlobalSection(NestedProjects) = preSolution
		{3E9B3121-8B4B-450E-8DCF-E5E1C1E9F010} = {661A30ED-ADC1-4FD1-A1C5-EFC1011CE28A}
		{7C719AB6-715E-4EDC-B0B4-ADD444891972} = {661A30ED-ADC1-4FD1-A1C5-EFC1011CE28A}
		{76F4F11D-5926-4426-A701-A5E612CA8A88} = {661A30ED-ADC1-4FD1-A1C5-EFC1011CE28A}
		{F1FEC13A-2BD1-45DC-8AD2-0D175DD69D7B} = {3E9B3121-8B4B-450E-8DCF-E5E1C1E9F010}
		{CBAAF81C-31D8-43C4-9FA9-6DF3789E59C4} = {3E9B3121-8B4B-450E-8DCF-E5E1C1E9F010}
		{274CA32B-89FA-4F95-A594-89DC5FEBC9F9} = {3E9B3121-8B4B-450E-8DCF-E5E1C1E9F010}
		{DA1644A4-C4DF-4B5A-891A-2ABFF76A75A8} = {3E9B3121-8B4B-450E-8DCF-E5E1C1E9F010}
		{334A66CB-D023-4D6A-883F-6E56AF99D5D9} = {3E9B3121-8B4B-450E-8DCF-E5E1C1E9F010}
		{27ACD462-D032-4AB8-9765-2441F1E84124} = {76F4F11D-5926-4426-A701-A5E612CA8A88}
		{CDAFB360-10EB-4A5D-A796-FE8834975F73} = {76F4F11D-5926-4426-A701-A5E612CA8A88}
		{16B8047B-7B20-418F-8D33-0A846F214079} = {76F4F11D-5926-4426-A701-A5E612CA8A88}
		{529EF6D8-28C1-404E-8BF2-77DA01BE1D86} = {76F4F11D-5926-4426-A701-A5E612CA8A88}
	EndGlobalSection
	GlobalSection(ExtensibilityGlobals) = postSolution
		SolutionGuid = {B01A3FFC-C9A4-4703-9881-76FA0D2D8192}
	EndGlobalSection
EndGlobal
